
Microsoft Visual Studio Solution File, Format Version 12.00
# Visual Studio 2013
VisualStudioVersion = 12.0.31101.0
MinimumVisualStudioVersion = 10.0.40219.1
Project("{2150E333-8FDC-42A3-9474-1A3956D46DE8}") = "MapAndWeather", "MapAndWeather", "{72A23223-D8EA-4608-96E5-6A63F402279A}"
EndProject
Project("{D954291E-2A0B-460D-934E-DC6B0785DB48}") = "MapAndWeather.Shared", "MapAndWeather\MapAndWeather.Shared\MapAndWeather.Shared.shproj", "{7F169586-3B55-4F1D-ABC6-723DB3675C78}"
EndProject
Project("{FAE04EC0-301F-11D3-BF4B-00C04F79EFBC}") = "MapAndWeather.Windows", "MapAndWeather\MapAndWeather.Windows\MapAndWeather.Windows.csproj", "{6CF78CCE-DE84-4921-9F9E-736B157EFA9E}"
EndProject
Project("{FAE04EC0-301F-11D3-BF4B-00C04F79EFBC}") = "MapAndWeather.WindowsPhone", "MapAndWeather\MapAndWeather.WindowsPhone\MapAndWeather.WindowsPhone.csproj", "{A11AC416-B96F-4D1E-89B1-F88DA234F93C}"
EndProject
Global
	GlobalSection(SharedMSBuildProjectFiles) = preSolution
		MapAndWeather\MapAndWeather.Shared\MapAndWeather.Shared.projitems*{6cf78cce-de84-4921-9f9e-736b157efa9e}*SharedItemsImports = 4
		MapAndWeather\MapAndWeather.Shared\MapAndWeather.Shared.projitems*{a11ac416-b96f-4d1e-89b1-f88da234f93c}*SharedItemsImports = 4
		MapAndWeather\MapAndWeather.Shared\MapAndWeather.Shared.projitems*{7f169586-3b55-4f1d-abc6-723db3675c78}*SharedItemsImports = 13
	EndGlobalSection
	GlobalSection(SolutionConfigurationPlatforms) = preSolution
		Debug|Any CPU = Debug|Any CPU
		Debug|ARM = Debug|ARM
		Debug|x64 = Debug|x64
		Debug|x86 = Debug|x86
		Release|Any CPU = Release|Any CPU
		Release|ARM = Release|ARM
		Release|x64 = Release|x64
		Release|x86 = Release|x86
	EndGlobalSection
	GlobalSection(ProjectConfigurationPlatforms) = postSolution
		{6CF78CCE-DE84-4921-9F9E-736B157EFA9E}.Debug|Any CPU.ActiveCfg = Debug|Any CPU
		{6CF78CCE-DE84-4921-9F9E-736B157EFA9E}.Debug|Any CPU.Build.0 = Debug|Any CPU
		{6CF78CCE-DE84-4921-9F9E-736B157EFA9E}.Debug|Any CPU.Deploy.0 = Debug|Any CPU
		{6CF78CCE-DE84-4921-9F9E-736B157EFA9E}.Debug|ARM.ActiveCfg = Debug|ARM
		{6CF78CCE-DE84-4921-9F9E-736B157EFA9E}.Debug|ARM.Build.0 = Debug|ARM
		{6CF78CCE-DE84-4921-9F9E-736B157EFA9E}.Debug|ARM.Deploy.0 = Debug|ARM
		{6CF78CCE-DE84-4921-9F9E-736B157EFA9E}.Debug|x64.ActiveCfg = Debug|x64
		{6CF78CCE-DE84-4921-9F9E-736B157EFA9E}.Debug|x64.Build.0 = Debug|x64
		{6CF78CCE-DE84-4921-9F9E-736B157EFA9E}.Debug|x64.Deploy.0 = Debug|x64
		{6CF78CCE-DE84-4921-9F9E-736B157EFA9E}.Debug|x86.ActiveCfg = Debug|x86
		{6CF78CCE-DE84-4921-9F9E-736B157EFA9E}.Debug|x86.Build.0 = Debug|x86
		{6CF78CCE-DE84-4921-9F9E-736B157EFA9E}.Debug|x86.Deploy.0 = Debug|x86
		{6CF78CCE-DE84-4921-9F9E-736B157EFA9E}.Release|Any CPU.ActiveCfg = Release|Any CPU
		{6CF78CCE-DE84-4921-9F9E-736B157EFA9E}.Release|Any CPU.Build.0 = Release|Any CPU
		{6CF78CCE-DE84-4921-9F9E-736B157EFA9E}.Release|Any CPU.Deploy.0 = Release|Any CPU
		{6CF78CCE-DE84-4921-9F9E-736B157EFA9E}.Release|ARM.ActiveCfg = Release|ARM
		{6CF78CCE-DE84-4921-9F9E-736B157EFA9E}.Release|ARM.Build.0 = Release|ARM
		{6CF78CCE-DE84-4921-9F9E-736B157EFA9E}.Release|ARM.Deploy.0 = Release|ARM
		{6CF78CCE-DE84-4921-9F9E-736B157EFA9E}.Release|x64.ActiveCfg = Release|x64
		{6CF78CCE-DE84-4921-9F9E-736B157EFA9E}.Release|x64.Build.0 = Release|x64
		{6CF78CCE-DE84-4921-9F9E-736B157EFA9E}.Release|x64.Deploy.0 = Release|x64
		{6CF78CCE-DE84-4921-9F9E-736B157EFA9E}.Release|x86.ActiveCfg = Release|x86
		{6CF78CCE-DE84-4921-9F9E-736B157EFA9E}.Release|x86.Build.0 = Release|x86
		{6CF78CCE-DE84-4921-9F9E-736B157EFA9E}.Release|x86.Deploy.0 = Release|x86
		{A11AC416-B96F-4D1E-89B1-F88DA234F93C}.Debug|Any CPU.ActiveCfg = Debug|Any CPU
		{A11AC416-B96F-4D1E-89B1-F88DA234F93C}.Debug|Any CPU.Build.0 = Debug|Any CPU
		{A11AC416-B96F-4D1E-89B1-F88DA234F93C}.Debug|Any CPU.Deploy.0 = Debug|Any CPU
		{A11AC416-B96F-4D1E-89B1-F88DA234F93C}.Debug|ARM.ActiveCfg = Debug|ARM
		{A11AC416-B96F-4D1E-89B1-F88DA234F93C}.Debug|ARM.Build.0 = Debug|ARM
		{A11AC416-B96F-4D1E-89B1-F88DA234F93C}.Debug|ARM.Deploy.0 = Debug|ARM
		{A11AC416-B96F-4D1E-89B1-F88DA234F93C}.Debug|x64.ActiveCfg = Debug|Any CPU
		{A11AC416-B96F-4D1E-89B1-F88DA234F93C}.Debug|x86.ActiveCfg = Debug|x86
		{A11AC416-B96F-4D1E-89B1-F88DA234F93C}.Debug|x86.Build.0 = Debug|x86
		{A11AC416-B96F-4D1E-89B1-F88DA234F93C}.Debug|x86.Deploy.0 = Debug|x86
		{A11AC416-B96F-4D1E-89B1-F88DA234F93C}.Release|Any CPU.ActiveCfg = Release|Any CPU
		{A11AC416-B96F-4D1E-89B1-F88DA234F93C}.Release|Any CPU.Build.0 = Release|Any CPU
		{A11AC416-B96F-4D1E-89B1-F88DA234F93C}.Release|Any CPU.Deploy.0 = Release|Any CPU
		{A11AC416-B96F-4D1E-89B1-F88DA234F93C}.Release|ARM.ActiveCfg = Release|ARM
		{A11AC416-B96F-4D1E-89B1-F88DA234F93C}.Release|ARM.Build.0 = Release|ARM
		{A11AC416-B96F-4D1E-89B1-F88DA234F93C}.Release|ARM.Deploy.0 = Release|ARM
		{A11AC416-B96F-4D1E-89B1-F88DA234F93C}.Release|x64.ActiveCfg = Release|Any CPU
		{A11AC416-B96F-4D1E-89B1-F88DA234F93C}.Release|x86.ActiveCfg = Release|x86
		{A11AC416-B96F-4D1E-89B1-F88DA234F93C}.Release|x86.Build.0 = Release|x86
		{A11AC416-B96F-4D1E-89B1-F88DA234F93C}.Release|x86.Deploy.0 = Release|x86
	EndGlobalSection
	GlobalSection(SolutionProperties) = preSolution
		HideSolutionNode = FALSE
	EndGlobalSection
	GlobalSection(NestedProjects) = preSolution
		{7F169586-3B55-4F1D-ABC6-723DB3675C78} = {72A23223-D8EA-4608-96E5-6A63F402279A}
		{6CF78CCE-DE84-4921-9F9E-736B157EFA9E} = {72A23223-D8EA-4608-96E5-6A63F402279A}
		{A11AC416-B96F-4D1E-89B1-F88DA234F93C} = {72A23223-D8EA-4608-96E5-6A63F402279A}
	EndGlobalSection
EndGlobal
